
Microsoft Visual Studio Solution File, Format Version 12.00
# Visual Studio Version 16
VisualStudioVersion = 16.0.28803.452
MinimumVisualStudioVersion = 10.0.40219.1
Project("{9A19103F-16F7-4668-BE54-9A1E7A4F7556}") = "RayHospital.Resources", "RayHospital.Resources\RayHospital.Resources.csproj", "{CD2E690E-D8C3-4B17-AF0F-DFF402063B7E}"
EndProject
Project("{9A19103F-16F7-4668-BE54-9A1E7A4F7556}") = "RayHospital.App", "RayHospital.App\RayHospital.App.csproj", "{D948E25F-C038-4A8B-8736-C99440B98FAD}"
EndProject
Project("{9A19103F-16F7-4668-BE54-9A1E7A4F7556}") = "RayHospital.Interfaces", "RayHospital.Interfaces\RayHospital.Interfaces.csproj", "{DEF9E7CD-A4B1-469F-B478-8C4E58022B18}"
EndProject
Project("{FAE04EC0-301F-11D3-BF4B-00C04F79EFBC}") = "RayHospital.Domain", "RayHospital.Domain\RayHospital.Domain.csproj", "{FF94B28E-7113-421A-A6EE-6C083F8972C2}"
EndProject
Project("{FAE04EC0-301F-11D3-BF4B-00C04F79EFBC}") = "RayHospital.Infrastructure", "RayHospital.Infrastructure\RayHospital.Infrastructure.csproj", "{D0BBEDB1-25B4-4A9F-BCB9-772581940947}"
EndProject
Global
	GlobalSection(SolutionConfigurationPlatforms) = preSolution
		Debug|Any CPU = Debug|Any CPU
		Release|Any CPU = Release|Any CPU
	EndGlobalSection
	GlobalSection(ProjectConfigurationPlatforms) = postSolution
		{CD2E690E-D8C3-4B17-AF0F-DFF402063B7E}.Debug|Any CPU.ActiveCfg = Debug|Any CPU
		{CD2E690E-D8C3-4B17-AF0F-DFF402063B7E}.Debug|Any CPU.Build.0 = Debug|Any CPU
		{CD2E690E-D8C3-4B17-AF0F-DFF402063B7E}.Release|Any CPU.ActiveCfg = Release|Any CPU
		{CD2E690E-D8C3-4B17-AF0F-DFF402063B7E}.Release|Any CPU.Build.0 = Release|Any CPU
		{D948E25F-C038-4A8B-8736-C99440B98FAD}.Debug|Any CPU.ActiveCfg = Debug|Any CPU
		{D948E25F-C038-4A8B-8736-C99440B98FAD}.Debug|Any CPU.Build.0 = Debug|Any CPU
		{D948E25F-C038-4A8B-8736-C99440B98FAD}.Release|Any CPU.ActiveCfg = Release|Any CPU
		{D948E25F-C038-4A8B-8736-C99440B98FAD}.Release|Any CPU.Build.0 = Release|Any CPU
		{DEF9E7CD-A4B1-469F-B478-8C4E58022B18}.Debug|Any CPU.ActiveCfg = Debug|Any CPU
		{DEF9E7CD-A4B1-469F-B478-8C4E58022B18}.Debug|Any CPU.Build.0 = Debug|Any CPU
		{DEF9E7CD-A4B1-469F-B478-8C4E58022B18}.Release|Any CPU.ActiveCfg = Release|Any CPU
		{DEF9E7CD-A4B1-469F-B478-8C4E58022B18}.Release|Any CPU.Build.0 = Release|Any CPU
		{FF94B28E-7113-421A-A6EE-6C083F8972C2}.Debug|Any CPU.ActiveCfg = Debug|Any CPU
		{FF94B28E-7113-421A-A6EE-6C083F8972C2}.Debug|Any CPU.Build.0 = Debug|Any CPU
		{FF94B28E-7113-421A-A6EE-6C083F8972C2}.Release|Any CPU.ActiveCfg = Release|Any CPU
		{FF94B28E-7113-421A-A6EE-6C083F8972C2}.Release|Any CPU.Build.0 = Release|Any CPU
		{D0BBEDB1-25B4-4A9F-BCB9-772581940947}.Debug|Any CPU.ActiveCfg = Debug|Any CPU
		{D0BBEDB1-25B4-4A9F-BCB9-772581940947}.Debug|Any CPU.Build.0 = Debug|Any CPU
		{D0BBEDB1-25B4-4A9F-BCB9-772581940947}.Release|Any CPU.ActiveCfg = Release|Any CPU
		{D0BBEDB1-25B4-4A9F-BCB9-772581940947}.Release|Any CPU.Build.0 = Release|Any CPU
	EndGlobalSection
	GlobalSection(SolutionProperties) = preSolution
		HideSolutionNode = FALSE
	EndGlobalSection
	GlobalSection(ExtensibilityGlobals) = postSolution
		SolutionGuid = {F647131E-CAA9-4D56-8F7E-D5FA540387EC}
	EndGlobalSection
EndGlobal
